
Microsoft Visual Studio Solution File, Format Version 12.00
# Visual Studio Version 16
VisualStudioVersion = 16.0.31321.278
MinimumVisualStudioVersion = 10.0.40219.1
Project("{FAE04EC0-301F-11D3-BF4B-00C04F79EFBC}") = "HotelBackOffice", "HotelBackOffice\HotelBackOffice.csproj", "{22FA44C4-F62A-4DB8-ABA5-597C328E7C7E}"
EndProject
Project("{E24C65DC-7377-472B-9ABA-BC803B73C61A}") = "HotelFrontOffice", "HotelFrontOffice\", "{DEA26A86-E496-4B71-8E0F-B43971437045}"
	ProjectSection(WebsiteProperties) = preProject
		TargetFrameworkMoniker = ".NETFramework,Version%3Dv4.7.2"
		Debug.AspNetCompiler.VirtualPath = "/localhost_2092"
		Debug.AspNetCompiler.PhysicalPath = "HotelFrontOffice\"
		Debug.AspNetCompiler.TargetPath = "PrecompiledWeb\localhost_2092\"
		Debug.AspNetCompiler.Updateable = "true"
		Debug.AspNetCompiler.ForceOverwrite = "true"
		Debug.AspNetCompiler.FixedNames = "false"
		Debug.AspNetCompiler.Debug = "True"
		Release.AspNetCompiler.VirtualPath = "/localhost_2092"
		Release.AspNetCompiler.PhysicalPath = "HotelFrontOffice\"
		Release.AspNetCompiler.TargetPath = "PrecompiledWeb\localhost_2092\"
		Release.AspNetCompiler.Updateable = "true"
		Release.AspNetCompiler.ForceOverwrite = "true"
		Release.AspNetCompiler.FixedNames = "false"
		Release.AspNetCompiler.Debug = "False"
		VWDPort = "2092"
		DefaultWebSiteLanguage = "Visual C#"
	EndProjectSection
EndProject
Project("{FAE04EC0-301F-11D3-BF4B-00C04F79EFBC}") = "HotelClasses", "HotelClasses\HotelClasses.csproj", "{22E42EFC-11B3-4A46-8ECE-885C56052A3D}"
EndProject
Project("{FAE04EC0-301F-11D3-BF4B-00C04F79EFBC}") = "Hotel Testing", "Hotel Testing\Hotel Testing.csproj", "{68260994-B5AE-431E-8DA9-35F64A1952DE}"
EndProject
Global
	GlobalSection(SolutionConfigurationPlatforms) = preSolution
		Debug|Any CPU = Debug|Any CPU
		Release|Any CPU = Release|Any CPU
	EndGlobalSection
	GlobalSection(ProjectConfigurationPlatforms) = postSolution
		{22FA44C4-F62A-4DB8-ABA5-597C328E7C7E}.Debug|Any CPU.ActiveCfg = Debug|Any CPU
		{22FA44C4-F62A-4DB8-ABA5-597C328E7C7E}.Debug|Any CPU.Build.0 = Debug|Any CPU
		{22FA44C4-F62A-4DB8-ABA5-597C328E7C7E}.Release|Any CPU.ActiveCfg = Release|Any CPU
		{22FA44C4-F62A-4DB8-ABA5-597C328E7C7E}.Release|Any CPU.Build.0 = Release|Any CPU
		{DEA26A86-E496-4B71-8E0F-B43971437045}.Debug|Any CPU.ActiveCfg = Debug|Any CPU
		{DEA26A86-E496-4B71-8E0F-B43971437045}.Debug|Any CPU.Build.0 = Debug|Any CPU
		{DEA26A86-E496-4B71-8E0F-B43971437045}.Release|Any CPU.ActiveCfg = Debug|Any CPU
		{DEA26A86-E496-4B71-8E0F-B43971437045}.Release|Any CPU.Build.0 = Debug|Any CPU
		{22E42EFC-11B3-4A46-8ECE-885C56052A3D}.Debug|Any CPU.ActiveCfg = Debug|Any CPU
		{22E42EFC-11B3-4A46-8ECE-885C56052A3D}.Debug|Any CPU.Build.0 = Debug|Any CPU
		{22E42EFC-11B3-4A46-8ECE-885C56052A3D}.Release|Any CPU.ActiveCfg = Release|Any CPU
		{22E42EFC-11B3-4A46-8ECE-885C56052A3D}.Release|Any CPU.Build.0 = Release|Any CPU
		{68260994-B5AE-431E-8DA9-35F64A1952DE}.Debug|Any CPU.ActiveCfg = Debug|Any CPU
		{68260994-B5AE-431E-8DA9-35F64A1952DE}.Debug|Any CPU.Build.0 = Debug|Any CPU
		{68260994-B5AE-431E-8DA9-35F64A1952DE}.Release|Any CPU.ActiveCfg = Release|Any CPU
		{68260994-B5AE-431E-8DA9-35F64A1952DE}.Release|Any CPU.Build.0 = Release|Any CPU
	EndGlobalSection
	GlobalSection(SolutionProperties) = preSolution
		HideSolutionNode = FALSE
	EndGlobalSection
	GlobalSection(ExtensibilityGlobals) = postSolution
		SolutionGuid = {45FF23E9-A011-4ADD-A35E-36115ABAD522}
	EndGlobalSection
EndGlobal
